
Microsoft Visual Studio Solution File, Format Version 12.00
# Visual Studio Version 17
VisualStudioVersion = 17.9.34310.174
MinimumVisualStudioVersion = 10.0.40219.1
Project("{FAE04EC0-301F-11D3-BF4B-00C04F79EFBC}") = "Library_Management_System", "Library_Management_System\Library_Management_System.csproj", "{676BD742-1ABC-4879-A9B6-DB4A6A2201D3}"
EndProject
Global
	GlobalSection(SolutionConfigurationPlatforms) = preSolution
		Debug|Any CPU = Debug|Any CPU
		Release|Any CPU = Release|Any CPU
	EndGlobalSection
	GlobalSection(ProjectConfigurationPlatforms) = postSolution
		{676BD742-1ABC-4879-A9B6-DB4A6A2201D3}.Debug|Any CPU.ActiveCfg = Debug|Any CPU
		{676BD742-1ABC-4879-A9B6-DB4A6A2201D3}.Debug|Any CPU.Build.0 = Debug|Any CPU
		{676BD742-1ABC-4879-A9B6-DB4A6A2201D3}.Release|Any CPU.ActiveCfg = Release|Any CPU
		{676BD742-1ABC-4879-A9B6-DB4A6A2201D3}.Release|Any CPU.Build.0 = Release|Any CPU
	EndGlobalSection
	GlobalSection(SolutionProperties) = preSolution
		HideSolutionNode = FALSE
	EndGlobalSection
	GlobalSection(ExtensibilityGlobals) = postSolution
		SolutionGuid = {C612C929-713D-45A4-9CCE-1D6B25719009}
	EndGlobalSection
EndGlobal
